
Microsoft Visual Studio Solution File, Format Version 12.00
# Visual Studio Version 17
VisualStudioVersion = 17.14.36408.4 d17.14
MinimumVisualStudioVersion = 10.0.40219.1
Project("{FAE04EC0-301F-11D3-BF4B-00C04F79EFBC}") = "Cat_Paw_Footprint", "Cat_Paw_Footprint.csproj", "{CFC03216-5C95-4FC9-B57C-D2B62C0A3FFF}"
EndProject
Global
	GlobalSection(SolutionConfigurationPlatforms) = preSolution
		Debug|Any CPU = Debug|Any CPU
		Release|Any CPU = Release|Any CPU
	EndGlobalSection
	GlobalSection(ProjectConfigurationPlatforms) = postSolution
		{CFC03216-5C95-4FC9-B57C-D2B62C0A3FFF}.Debug|Any CPU.ActiveCfg = Debug|Any CPU
		{CFC03216-5C95-4FC9-B57C-D2B62C0A3FFF}.Debug|Any CPU.Build.0 = Debug|Any CPU
		{CFC03216-5C95-4FC9-B57C-D2B62C0A3FFF}.Release|Any CPU.ActiveCfg = Release|Any CPU
		{CFC03216-5C95-4FC9-B57C-D2B62C0A3FFF}.Release|Any CPU.Build.0 = Release|Any CPU
	EndGlobalSection
	GlobalSection(SolutionProperties) = preSolution
		HideSolutionNode = FALSE
	EndGlobalSection
	GlobalSection(ExtensibilityGlobals) = postSolution
		SolutionGuid = {5D50FF8C-C355-42F2-A901-8A1968FA217E}
	EndGlobalSection
EndGlobal
